
Microsoft Visual Studio Solution File, Format Version 12.00
# Visual Studio Version 17
VisualStudioVersion = 17.2.32314.265
MinimumVisualStudioVersion = 10.0.40219.1
Project("{2150E333-8FDC-42A3-9474-1A3956D46DE8}") = "TP1", "TP1", "{5BF82913-0AF0-48C4-B8DF-BC877190EDC5}"
EndProject
Project("{FAE04EC0-301F-11D3-BF4B-00C04F79EFBC}") = "Ejercicio-1", "Ejercicio-1\Ejercicio-1.csproj", "{94BBC824-6C10-43AA-A9FE-02FE74254AE5}"
EndProject
Global
	GlobalSection(SolutionConfigurationPlatforms) = preSolution
		Debug|Any CPU = Debug|Any CPU
		Release|Any CPU = Release|Any CPU
	EndGlobalSection
	GlobalSection(ProjectConfigurationPlatforms) = postSolution
		{94BBC824-6C10-43AA-A9FE-02FE74254AE5}.Debug|Any CPU.ActiveCfg = Debug|Any CPU
		{94BBC824-6C10-43AA-A9FE-02FE74254AE5}.Debug|Any CPU.Build.0 = Debug|Any CPU
		{94BBC824-6C10-43AA-A9FE-02FE74254AE5}.Release|Any CPU.ActiveCfg = Release|Any CPU
		{94BBC824-6C10-43AA-A9FE-02FE74254AE5}.Release|Any CPU.Build.0 = Release|Any CPU
	EndGlobalSection
	GlobalSection(SolutionProperties) = preSolution
		HideSolutionNode = FALSE
	EndGlobalSection
	GlobalSection(NestedProjects) = preSolution
		{94BBC824-6C10-43AA-A9FE-02FE74254AE5} = {5BF82913-0AF0-48C4-B8DF-BC877190EDC5}
	EndGlobalSection
	GlobalSection(ExtensibilityGlobals) = postSolution
		SolutionGuid = {E2D18BCC-1189-4277-9D95-A103C1C6A204}
	EndGlobalSection
EndGlobal
